
Microsoft Visual Studio Solution File, Format Version 12.00
# Visual Studio Version 16
VisualStudioVersion = 16.0.30309.148
MinimumVisualStudioVersion = 10.0.40219.1
Project("{FAE04EC0-301F-11D3-BF4B-00C04F79EFBC}") = "PrimeraAplicacion", "PrimeraAplicacion.csproj", "{4A0EA975-326A-4AF5-BA8E-C10B62F9DF16}"
EndProject
Global
	GlobalSection(SolutionConfigurationPlatforms) = preSolution
		Debug|Any CPU = Debug|Any CPU
		Release|Any CPU = Release|Any CPU
	EndGlobalSection
	GlobalSection(ProjectConfigurationPlatforms) = postSolution
		{4A0EA975-326A-4AF5-BA8E-C10B62F9DF16}.Debug|Any CPU.ActiveCfg = Debug|Any CPU
		{4A0EA975-326A-4AF5-BA8E-C10B62F9DF16}.Debug|Any CPU.Build.0 = Debug|Any CPU
		{4A0EA975-326A-4AF5-BA8E-C10B62F9DF16}.Release|Any CPU.ActiveCfg = Release|Any CPU
		{4A0EA975-326A-4AF5-BA8E-C10B62F9DF16}.Release|Any CPU.Build.0 = Release|Any CPU
	EndGlobalSection
	GlobalSection(SolutionProperties) = preSolution
		HideSolutionNode = FALSE
	EndGlobalSection
	GlobalSection(ExtensibilityGlobals) = postSolution
		SolutionGuid = {3B6C6DF1-4F42-47D6-9EDB-00B31C976B9E}
	EndGlobalSection
EndGlobal
