
Microsoft Visual Studio Solution File, Format Version 12.00
# Visual Studio Version 16
VisualStudioVersion = 16.0.30309.148
MinimumVisualStudioVersion = 10.0.40219.1
Project("{FAE04EC0-301F-11D3-BF4B-00C04F79EFBC}") = "Calculadora", "Calculadora.csproj", "{37F1B842-08FF-4D78-AE19-3E8C6333BB94}"
EndProject
Global
	GlobalSection(SolutionConfigurationPlatforms) = preSolution
		Debug|Any CPU = Debug|Any CPU
		Release|Any CPU = Release|Any CPU
	EndGlobalSection
	GlobalSection(ProjectConfigurationPlatforms) = postSolution
		{37F1B842-08FF-4D78-AE19-3E8C6333BB94}.Debug|Any CPU.ActiveCfg = Debug|Any CPU
		{37F1B842-08FF-4D78-AE19-3E8C6333BB94}.Debug|Any CPU.Build.0 = Debug|Any CPU
		{37F1B842-08FF-4D78-AE19-3E8C6333BB94}.Release|Any CPU.ActiveCfg = Release|Any CPU
		{37F1B842-08FF-4D78-AE19-3E8C6333BB94}.Release|Any CPU.Build.0 = Release|Any CPU
	EndGlobalSection
	GlobalSection(SolutionProperties) = preSolution
		HideSolutionNode = FALSE
	EndGlobalSection
	GlobalSection(ExtensibilityGlobals) = postSolution
		SolutionGuid = {622F4292-1FE3-43AB-80CB-E532DFCF0368}
	EndGlobalSection
EndGlobal
